// !$*UTF8*$!
{
	archiveVersion = 1;
	classes = {
	};
	objectVersion = 56;
	objects = {

/* Begin PBXBuildFile section */
		26556B562BD2DB7F00745DE0 /* SnowmanApp.swift in Sources */ = {isa = PBXBuildFile; fileRef = 26556B552BD2DB7F00745DE0 /* SnowmanApp.swift */; };
		26556B582BD2DB7F00745DE0 /* ContentView.swift in Sources */ = {isa = PBXBuildFile; fileRef = 26556B572BD2DB7F00745DE0 /* ContentView.swift */; };
		26556B5A2BD2DB8000745DE0 /* Assets.xcassets in Resources */ = {isa = PBXBuildFile; fileRef = 26556B592BD2DB8000745DE0 /* Assets.xcassets */; };
		26556B5D2BD2DB8000745DE0 /* Preview Assets.xcassets in Resources */ = {isa = PBXBuildFile; fileRef = 26556B5C2BD2DB8000745DE0 /* Preview Assets.xcassets */; };
		26556B662BD9BB7300745DE0 /* SidebarView.swift in Sources */ = {isa = PBXBuildFile; fileRef = 26556B652BD9BB7300745DE0 /* SidebarView.swift */; };
		26556B682BD9BBCB00745DE0 /* GameView.swift in Sources */ = {isa = PBXBuildFile; fileRef = 26556B672BD9BBCB00745DE0 /* GameView.swift */; };
		26556B6A2BD9C65600745DE0 /* LettersView.swift in Sources */ = {isa = PBXBuildFile; fileRef = 26556B692BD9C65600745DE0 /* LettersView.swift */; };
		26556B6C2BD9C97200745DE0 /* GuessesView.swift in Sources */ = {isa = PBXBuildFile; fileRef = 26556B6B2BD9C97200745DE0 /* GuessesView.swift */; };
		26556B6E2BD9D18E00745DE0 /* GameStatus.swift in Sources */ = {isa = PBXBuildFile; fileRef = 26556B6D2BD9D18E00745DE0 /* GameStatus.swift */; };
		26556B712BD9D26200745DE0 /* Game.swift in Sources */ = {isa = PBXBuildFile; fileRef = 26556B702BD9D26200745DE0 /* Game.swift */; };
		26556B732BD9D47300745DE0 /* Letter.swift in Sources */ = {isa = PBXBuildFile; fileRef = 26556B722BD9D47300745DE0 /* Letter.swift */; };
		26556B752BD9E72100745DE0 /* words.txt in Resources */ = {isa = PBXBuildFile; fileRef = 26556B742BD9E72100745DE0 /* words.txt */; };
/* End PBXBuildFile section */

/* Begin PBXFileReference section */
		26556B522BD2DB7F00745DE0 /* Snowman.app */ = {isa = PBXFileReference; explicitFileType = wrapper.application; includeInIndex = 0; path = Snowman.app; sourceTree = BUILT_PRODUCTS_DIR; };
		26556B552BD2DB7F00745DE0 /* SnowmanApp.swift */ = {isa = PBXFileReference; lastKnownFileType = sourcecode.swift; path = SnowmanApp.swift; sourceTree = "<group>"; };
		26556B572BD2DB7F00745DE0 /* ContentView.swift */ = {isa = PBXFileReference; lastKnownFileType = sourcecode.swift; path = ContentView.swift; sourceTree = "<group>"; };
		26556B592BD2DB8000745DE0 /* Assets.xcassets */ = {isa = PBXFileReference; lastKnownFileType = folder.assetcatalog; path = Assets.xcassets; sourceTree = "<group>"; };
		26556B5C2BD2DB8000745DE0 /* Preview Assets.xcassets */ = {isa = PBXFileReference; lastKnownFileType = folder.assetcatalog; path = "Preview Assets.xcassets"; sourceTree = "<group>"; };
		26556B5E2BD2DB8000745DE0 /* Snowman.entitlements */ = {isa = PBXFileReference; lastKnownFileType = text.plist.entitlements; path = Snowman.entitlements; sourceTree = "<group>"; };
		26556B652BD9BB7300745DE0 /* SidebarView.swift */ = {isa = PBXFileReference; lastKnownFileType = sourcecode.swift; path = SidebarView.swift; sourceTree = "<group>"; };
		26556B672BD9BBCB00745DE0 /* GameView.swift */ = {isa = PBXFileReference; lastKnownFileType = sourcecode.swift; path = GameView.swift; sourceTree = "<group>"; };
		26556B692BD9C65600745DE0 /* LettersView.swift */ = {isa = PBXFileReference; lastKnownFileType = sourcecode.swift; path = LettersView.swift; sourceTree = "<group>"; };
		26556B6B2BD9C97200745DE0 /* GuessesView.swift */ = {isa = PBXFileReference; lastKnownFileType = sourcecode.swift; path = GuessesView.swift; sourceTree = "<group>"; };
		26556B6D2BD9D18E00745DE0 /* GameStatus.swift */ = {isa = PBXFileReference; lastKnownFileType = sourcecode.swift; path = GameStatus.swift; sourceTree = "<group>"; };
		26556B702BD9D26200745DE0 /* Game.swift */ = {isa = PBXFileReference; lastKnownFileType = sourcecode.swift; path = Game.swift; sourceTree = "<group>"; };
		26556B722BD9D47300745DE0 /* Letter.swift */ = {isa = PBXFileReference; lastKnownFileType = sourcecode.swift; path = Letter.swift; sourceTree = "<group>"; };
		26556B742BD9E72100745DE0 /* words.txt */ = {isa = PBXFileReference; fileEncoding = 4; lastKnownFileType = text; path = words.txt; sourceTree = "<group>"; };
/* End PBXFileReference section */

/* Begin PBXFrameworksBuildPhase section */
		26556B4F2BD2DB7F00745DE0 /* Frameworks */ = {
			isa = PBXFrameworksBuildPhase;
			buildActionMask = 2147483647;
			files = (
			);
			runOnlyForDeploymentPostprocessing = 0;
		};
/* End PBXFrameworksBuildPhase section */

/* Begin PBXGroup section */
		26556B492BD2DB7F00745DE0 = {
			isa = PBXGroup;
			children = (
				26556B542BD2DB7F00745DE0 /* Snowman */,
				26556B532BD2DB7F00745DE0 /* Products */,
			);
			sourceTree = "<group>";
		};
		26556B532BD2DB7F00745DE0 /* Products */ = {
			isa = PBXGroup;
			children = (
				26556B522BD2DB7F00745DE0 /* Snowman.app */,
			);
			name = Products;
			sourceTree = "<group>";
		};
		26556B542BD2DB7F00745DE0 /* Snowman */ = {
			isa = PBXGroup;
			children = (
				26556B6F2BD9D24E00745DE0 /* Models */,
				26556B642BD9BB1500745DE0 /* Views */,
				26556B552BD2DB7F00745DE0 /* SnowmanApp.swift */,
				26556B592BD2DB8000745DE0 /* Assets.xcassets */,
				26556B5E2BD2DB8000745DE0 /* Snowman.entitlements */,
				26556B5B2BD2DB8000745DE0 /* Preview Content */,
			);
			path = Snowman;
			sourceTree = "<group>";
		};
		26556B5B2BD2DB8000745DE0 /* Preview Content */ = {
			isa = PBXGroup;
			children = (
				26556B5C2BD2DB8000745DE0 /* Preview Assets.xcassets */,
			);
			path = "Preview Content";
			sourceTree = "<group>";
		};
		26556B642BD9BB1500745DE0 /* Views */ = {
			isa = PBXGroup;
			children = (
				26556B572BD2DB7F00745DE0 /* ContentView.swift */,
				26556B672BD9BBCB00745DE0 /* GameView.swift */,
				26556B692BD9C65600745DE0 /* LettersView.swift */,
				26556B652BD9BB7300745DE0 /* SidebarView.swift */,
				26556B6B2BD9C97200745DE0 /* GuessesView.swift */,
			);
			path = Views;
			sourceTree = "<group>";
		};
		26556B6F2BD9D24E00745DE0 /* Models */ = {
			isa = PBXGroup;
			children = (
				26556B702BD9D26200745DE0 /* Game.swift */,
				26556B6D2BD9D18E00745DE0 /* GameStatus.swift */,
				26556B722BD9D47300745DE0 /* Letter.swift */,
				26556B742BD9E72100745DE0 /* words.txt */,
			);
			path = Models;
			sourceTree = "<group>";
		};
/* End PBXGroup section */

/* Begin PBXNativeTarget section */
		26556B512BD2DB7F00745DE0 /* Snowman */ = {
			isa = PBXNativeTarget;
			buildConfigurationList = 26556B612BD2DB8000745DE0 /* Build configuration list for PBXNativeTarget "Snowman" */;
			buildPhases = (
				26556B4E2BD2DB7F00745DE0 /* Sources */,
				26556B4F2BD2DB7F00745DE0 /* Frameworks */,
				26556B502BD2DB7F00745DE0 /* Resources */,
			);
			buildRules = (
			);
			dependencies = (
			);
			name = Snowman;
			productName = Snowman;
			productReference = 26556B522BD2DB7F00745DE0 /* Snowman.app */;
			productType = "com.apple.product-type.application";
		};
/* End PBXNativeTarget section */

/* Begin PBXProject section */
		26556B4A2BD2DB7F00745DE0 /* Project object */ = {
			isa = PBXProject;
			attributes = {
				BuildIndependentTargetsInParallel = 1;
				LastSwiftUpdateCheck = 1530;
				LastUpgradeCheck = 1530;
				TargetAttributes = {
					26556B512BD2DB7F00745DE0 = {
						CreatedOnToolsVersion = 15.3;
					};
				};
			};
			buildConfigurationList = 26556B4D2BD2DB7F00745DE0 /* Build configuration list for PBXProject "Snowman" */;
			compatibilityVersion = "Xcode 14.0";
			developmentRegion = en;
			hasScannedForEncodings = 0;
			knownRegions = (
				en,
				Base,
			);
			mainGroup = 26556B492BD2DB7F00745DE0;
			productRefGroup = 26556B532BD2DB7F00745DE0 /* Products */;
			projectDirPath = "";
			projectRoot = "";
			targets = (
				26556B512BD2DB7F00745DE0 /* Snowman */,
			);
		};
/* End PBXProject section */

/* Begin PBXResourcesBuildPhase section */
		26556B502BD2DB7F00745DE0 /* Resources */ = {
			isa = PBXResourcesBuildPhase;
			buildActionMask = 2147483647;
			files = (
				26556B5D2BD2DB8000745DE0 /* Preview Assets.xcassets in Resources */,
				26556B752BD9E72100745DE0 /* words.txt in Resources */,
				26556B5A2BD2DB8000745DE0 /* Assets.xcassets in Resources */,
			);
			runOnlyForDeploymentPostprocessing = 0;
		};
/* End PBXResourcesBuildPhase section */

/* Begin PBXSourcesBuildPhase section */
		26556B4E2BD2DB7F00745DE0 /* Sources */ = {
			isa = PBXSourcesBuildPhase;
			buildActionMask = 2147483647;
			files = (
				26556B6C2BD9C97200745DE0 /* GuessesView.swift in Sources */,
				26556B582BD2DB7F00745DE0 /* ContentView.swift in Sources */,
				26556B6A2BD9C65600745DE0 /* LettersView.swift in Sources */,
				26556B732BD9D47300745DE0 /* Letter.swift in Sources */,
				26556B6E2BD9D18E00745DE0 /* GameStatus.swift in Sources */,
				26556B562BD2DB7F00745DE0 /* SnowmanApp.swift in Sources */,
				26556B682BD9BBCB00745DE0 /* GameView.swift in Sources */,
				26556B662BD9BB7300745DE0 /* SidebarView.swift in Sources */,
				26556B712BD9D26200745DE0 /* Game.swift in Sources */,
			);
			runOnlyForDeploymentPostprocessing = 0;
		};
/* End PBXSourcesBuildPhase section */

/* Begin XCBuildConfiguration section */
		26556B5F2BD2DB8000745DE0 /* Debug */ = {
			isa = XCBuildConfiguration;
			buildSettings = {
				ALWAYS_SEARCH_USER_PATHS = NO;
				ASSETCATALOG_COMPILER_GENERATE_SWIFT_ASSET_SYMBOL_EXTENSIONS = YES;
				CLANG_ANALYZER_NONNULL = YES;
				CLANG_ANALYZER_NUMBER_OBJECT_CONVERSION = YES_AGGRESSIVE;
				CLANG_CXX_LANGUAGE_STANDARD = "gnu++20";
				CLANG_ENABLE_MODULES = YES;
				CLANG_ENABLE_OBJC_ARC = YES;
				CLANG_ENABLE_OBJC_WEAK = YES;
				CLANG_WARN_BLOCK_CAPTURE_AUTORELEASING = YES;
				CLANG_WARN_BOOL_CONVERSION = YES;
				CLANG_WARN_COMMA = YES;
				CLANG_WARN_CONSTANT_CONVERSION = YES;
				CLANG_WARN_DEPRECATED_OBJC_IMPLEMENTATIONS = YES;
				CLANG_WARN_DIRECT_OBJC_ISA_USAGE = YES_ERROR;
				CLANG_WARN_DOCUMENTATION_COMMENTS = YES;
				CLANG_WARN_EMPTY_BODY = YES;
				CLANG_WARN_ENUM_CONVERSION = YES;
				CLANG_WARN_INFINITE_RECURSION = YES;
				CLANG_WARN_INT_CONVERSION = YES;
				CLANG_WARN_NON_LITERAL_NULL_CONVERSION = YES;
				CLANG_WARN_OBJC_IMPLICIT_RETAIN_SELF = YES;
				CLANG_WARN_OBJC_LITERAL_CONVERSION = YES;
				CLANG_WARN_OBJC_ROOT_CLASS = YES_ERROR;
				CLANG_WARN_QUOTED_INCLUDE_IN_FRAMEWORK_HEADER = YES;
				CLANG_WARN_RANGE_LOOP_ANALYSIS = YES;
				CLANG_WARN_STRICT_PROTOTYPES = YES;
				CLANG_WARN_SUSPICIOUS_MOVE = YES;
				CLANG_WARN_UNGUARDED_AVAILABILITY = YES_AGGRESSIVE;
				CLANG_WARN_UNREACHABLE_CODE = YES;
				CLANG_WARN__DUPLICATE_METHOD_MATCH = YES;
				COPY_PHASE_STRIP = NO;
				DEBUG_INFORMATION_FORMAT = dwarf;
				ENABLE_STRICT_OBJC_MSGSEND = YES;
				ENABLE_TESTABILITY = YES;
				ENABLE_USER_SCRIPT_SANDBOXING = YES;
				GCC_C_LANGUAGE_STANDARD = gnu17;
				GCC_DYNAMIC_NO_PIC = NO;
				GCC_NO_COMMON_BLOCKS = YES;
				GCC_OPTIMIZATION_LEVEL = 0;
				GCC_PREPROCESSOR_DEFINITIONS = (
					"DEBUG=1",
					"$(inherited)",
				);
				GCC_WARN_64_TO_32_BIT_CONVERSION = YES;
				GCC_WARN_ABOUT_RETURN_TYPE = YES_ERROR;
				GCC_WARN_UNDECLARED_SELECTOR = YES;
				GCC_WARN_UNINITIALIZED_AUTOS = YES_AGGRESSIVE;
				GCC_WARN_UNUSED_FUNCTION = YES;
				GCC_WARN_UNUSED_VARIABLE = YES;
				LOCALIZATION_PREFERS_STRING_CATALOGS = YES;
				MACOSX_DEPLOYMENT_TARGET = 14.0;
				MTL_ENABLE_DEBUG_INFO = INCLUDE_SOURCE;
				MTL_FAST_MATH = YES;
				ONLY_ACTIVE_ARCH = YES;
				SDKROOT = macosx;
				SWIFT_ACTIVE_COMPILATION_CONDITIONS = "DEBUG $(inherited)";
				SWIFT_OPTIMIZATION_LEVEL = "-Onone";
			};
			name = Debug;
		};
		26556B602BD2DB8000745DE0 /* Release */ = {
			isa = XCBuildConfiguration;
			buildSettings = {
				ALWAYS_SEARCH_USER_PATHS = NO;
				ASSETCATALOG_COMPILER_GENERATE_SWIFT_ASSET_SYMBOL_EXTENSIONS = YES;
				CLANG_ANALYZER_NONNULL = YES;
				CLANG_ANALYZER_NUMBER_OBJECT_CONVERSION = YES_AGGRESSIVE;
				CLANG_CXX_LANGUAGE_STANDARD = "gnu++20";
				CLANG_ENABLE_MODULES = YES;
				CLANG_ENABLE_OBJC_ARC = YES;
				CLANG_ENABLE_OBJC_WEAK = YES;
				CLANG_WARN_BLOCK_CAPTURE_AUTORELEASING = YES;
				CLANG_WARN_BOOL_CONVERSION = YES;
				CLANG_WARN_COMMA = YES;
				CLANG_WARN_CONSTANT_CONVERSION = YES;
				CLANG_WARN_DEPRECATED_OBJC_IMPLEMENTATIONS = YES;
				CLANG_WARN_DIRECT_OBJC_ISA_USAGE = YES_ERROR;
				CLANG_WARN_DOCUMENTATION_COMMENTS = YES;
				CLANG_WARN_EMPTY_BODY = YES;
				CLANG_WARN_ENUM_CONVERSION = YES;
				CLANG_WARN_INFINITE_RECURSION = YES;
				CLANG_WARN_INT_CONVERSION = YES;
				CLANG_WARN_NON_LITERAL_NULL_CONVERSION = YES;
				CLANG_WARN_OBJC_IMPLICIT_RETAIN_SELF = YES;
				CLANG_WARN_OBJC_LITERAL_CONVERSION = YES;
				CLANG_WARN_OBJC_ROOT_CLASS = YES_ERROR;
				CLANG_WARN_QUOTED_INCLUDE_IN_FRAMEWORK_HEADER = YES;
				CLANG_WARN_RANGE_LOOP_ANALYSIS = YES;
				CLANG_WARN_STRICT_PROTOTYPES = YES;
				CLANG_WARN_SUSPICIOUS_MOVE = YES;
				CLANG_WARN_UNGUARDED_AVAILABILITY = YES_AGGRESSIVE;
				CLANG_WARN_UNREACHABLE_CODE = YES;
				CLANG_WARN__DUPLICATE_METHOD_MATCH = YES;
				COPY_PHASE_STRIP = NO;
				DEBUG_INFORMATION_FORMAT = "dwarf-with-dsym";
				ENABLE_NS_ASSERTIONS = NO;
				ENABLE_STRICT_OBJC_MSGSEND = YES;
				ENABLE_USER_SCRIPT_SANDBOXING = YES;
				GCC_C_LANGUAGE_STANDARD = gnu17;
				GCC_NO_COMMON_BLOCKS = YES;
				GCC_WARN_64_TO_32_BIT_CONVERSION = YES;
				GCC_WARN_ABOUT_RETURN_TYPE = YES_ERROR;
				GCC_WARN_UNDECLARED_SELECTOR = YES;
				GCC_WARN_UNINITIALIZED_AUTOS = YES_AGGRESSIVE;
				GCC_WARN_UNUSED_FUNCTION = YES;
				GCC_WARN_UNUSED_VARIABLE = YES;
				LOCALIZATION_PREFERS_STRING_CATALOGS = YES;
				MACOSX_DEPLOYMENT_TARGET = 14.0;
				MTL_ENABLE_DEBUG_INFO = NO;
				MTL_FAST_MATH = YES;
				SDKROOT = macosx;
				SWIFT_COMPILATION_MODE = wholemodule;
			};
			name = Release;
		};
		26556B622BD2DB8000745DE0 /* Debug */ = {
			isa = XCBuildConfiguration;
			buildSettings = {
				ASSETCATALOG_COMPILER_APPICON_NAME = AppIcon;
				ASSETCATALOG_COMPILER_GLOBAL_ACCENT_COLOR_NAME = AccentColor;
				CODE_SIGN_ENTITLEMENTS = Snowman/Snowman.entitlements;
				CODE_SIGN_STYLE = Automatic;
				COMBINE_HIDPI_IMAGES = YES;
				CURRENT_PROJECT_VERSION = 1;
				DEVELOPMENT_ASSET_PATHS = "\"Snowman/Preview Content\"";
				DEVELOPMENT_TEAM = P92GSKWU9W;
				ENABLE_HARDENED_RUNTIME = YES;
				ENABLE_PREVIEWS = YES;
				GENERATE_INFOPLIST_FILE = YES;
				INFOPLIST_KEY_NSHumanReadableCopyright = "";
				LD_RUNPATH_SEARCH_PATHS = (
					"$(inherited)",
					"@executable_path/../Frameworks",
				);
				MACOSX_DEPLOYMENT_TARGET = 14.0;
				MARKETING_VERSION = 1.0;
				PRODUCT_BUNDLE_IDENTIFIER = Sarah.Snowman;
				PRODUCT_NAME = "$(TARGET_NAME)";
				SWIFT_EMIT_LOC_STRINGS = YES;
				SWIFT_VERSION = 5.0;
			};
			name = Debug;
		};
		26556B632BD2DB8000745DE0 /* Release */ = {
			isa = XCBuildConfiguration;
			buildSettings = {
				ASSETCATALOG_COMPILER_APPICON_NAME = AppIcon;
				ASSETCATALOG_COMPILER_GLOBAL_ACCENT_COLOR_NAME = AccentColor;
				CODE_SIGN_ENTITLEMENTS = Snowman/Snowman.entitlements;
				CODE_SIGN_STYLE = Automatic;
				COMBINE_HIDPI_IMAGES = YES;
				CURRENT_PROJECT_VERSION = 1;
				DEVELOPMENT_ASSET_PATHS = "\"Snowman/Preview Content\"";
				DEVELOPMENT_TEAM = P92GSKWU9W;
				ENABLE_HARDENED_RUNTIME = YES;
				ENABLE_PREVIEWS = YES;
				GENERATE_INFOPLIST_FILE = YES;
				INFOPLIST_KEY_NSHumanReadableCopyright = "";
				LD_RUNPATH_SEARCH_PATHS = (
					"$(inherited)",
					"@executable_path/../Frameworks",
				);
				MACOSX_DEPLOYMENT_TARGET = 14.0;
				MARKETING_VERSION = 1.0;
				PRODUCT_BUNDLE_IDENTIFIER = Sarah.Snowman;
				PRODUCT_NAME = "$(TARGET_NAME)";
				SWIFT_EMIT_LOC_STRINGS = YES;
				SWIFT_VERSION = 5.0;
			};
			name = Release;
		};
/* End XCBuildConfiguration section */

/* Begin XCConfigurationList section */
		26556B4D2BD2DB7F00745DE0 /* Build configuration list for PBXProject "Snowman" */ = {
			isa = XCConfigurationList;
			buildConfigurations = (
				26556B5F2BD2DB8000745DE0 /* Debug */,
				26556B602BD2DB8000745DE0 /* Release */,
			);
			defaultConfigurationIsVisible = 0;
			defaultConfigurationName = Release;
		};
		26556B612BD2DB8000745DE0 /* Build configuration list for PBXNativeTarget "Snowman" */ = {
			isa = XCConfigurationList;
			buildConfigurations = (
				26556B622BD2DB8000745DE0 /* Debug */,
				26556B632BD2DB8000745DE0 /* Release */,
			);
			defaultConfigurationIsVisible = 0;
			defaultConfigurationName = Release;
		};
/* End XCConfigurationList section */
	};
	rootObject = 26556B4A2BD2DB7F00745DE0 /* Project object */;
}
